
Microsoft Visual Studio Solution File, Format Version 12.00
# Visual Studio Version 17
VisualStudioVersion = 17.11.35222.181
MinimumVisualStudioVersion = 10.0.40219.1
Project("{FAE04EC0-301F-11D3-BF4B-00C04F79EFBC}") = "ConciligAppp", "ConciligAppp\ConciligAppp.csproj", "{7F0363B6-E733-4C38-B6C9-7892F999DD4D}"
EndProject
Global
	GlobalSection(SolutionConfigurationPlatforms) = preSolution
		Debug|Any CPU = Debug|Any CPU
		Release|Any CPU = Release|Any CPU
	EndGlobalSection
	GlobalSection(ProjectConfigurationPlatforms) = postSolution
		{7F0363B6-E733-4C38-B6C9-7892F999DD4D}.Debug|Any CPU.ActiveCfg = Debug|Any CPU
		{7F0363B6-E733-4C38-B6C9-7892F999DD4D}.Debug|Any CPU.Build.0 = Debug|Any CPU
		{7F0363B6-E733-4C38-B6C9-7892F999DD4D}.Release|Any CPU.ActiveCfg = Release|Any CPU
		{7F0363B6-E733-4C38-B6C9-7892F999DD4D}.Release|Any CPU.Build.0 = Release|Any CPU
	EndGlobalSection
	GlobalSection(SolutionProperties) = preSolution
		HideSolutionNode = FALSE
	EndGlobalSection
	GlobalSection(ExtensibilityGlobals) = postSolution
		SolutionGuid = {7E2A9353-89D7-4E88-BD46-1AD931B50774}
	EndGlobalSection
EndGlobal
